
Microsoft Visual Studio Solution File, Format Version 12.00
# Visual Studio Version 16
VisualStudioVersion = 16.0.33130.400
MinimumVisualStudioVersion = 10.0.40219.1
Project("{FAE04EC0-301F-11D3-BF4B-00C04F79EFBC}") = "Mission2", "Mission2\Mission2.csproj", "{2BBB2D23-5D58-426D-9370-F2DC087EFD53}"
EndProject
Global
	GlobalSection(SolutionConfigurationPlatforms) = preSolution
		Debug|Any CPU = Debug|Any CPU
		Release|Any CPU = Release|Any CPU
	EndGlobalSection
	GlobalSection(ProjectConfigurationPlatforms) = postSolution
		{2BBB2D23-5D58-426D-9370-F2DC087EFD53}.Debug|Any CPU.ActiveCfg = Debug|Any CPU
		{2BBB2D23-5D58-426D-9370-F2DC087EFD53}.Debug|Any CPU.Build.0 = Debug|Any CPU
		{2BBB2D23-5D58-426D-9370-F2DC087EFD53}.Release|Any CPU.ActiveCfg = Release|Any CPU
		{2BBB2D23-5D58-426D-9370-F2DC087EFD53}.Release|Any CPU.Build.0 = Release|Any CPU
	EndGlobalSection
	GlobalSection(SolutionProperties) = preSolution
		HideSolutionNode = FALSE
	EndGlobalSection
	GlobalSection(ExtensibilityGlobals) = postSolution
		SolutionGuid = {3C81DE8E-0BFD-4BAE-8BA6-4A5387BF0117}
	EndGlobalSection
EndGlobal
